
Microsoft Visual Studio Solution File, Format Version 12.00
# Visual Studio Version 17
VisualStudioVersion = 17.13.35806.99
MinimumVisualStudioVersion = 10.0.40219.1
Project("{FAE04EC0-301F-11D3-BF4B-00C04F79EFBC}") = "RestaurantReservation", "RestaurantReservation\RestaurantReservation.csproj", "{0D6CA8F9-2615-4F76-82B5-06CECDF81950}"
EndProject
Project("{FAE04EC0-301F-11D3-BF4B-00C04F79EFBC}") = "RestaurantReservation.Db", "RestaurantReservation.Db\RestaurantReservation.Db.csproj", "{C175232C-578B-42FF-9766-9483D9766601}"
EndProject
Project("{2150E333-8FDC-42A3-9474-1A3956D46DE8}") = "Solution Items", "Solution Items", "{8EC462FD-D22E-90A8-E5CE-7E832BA40C5D}"
	ProjectSection(SolutionItems) = preProject
		.ignore = .ignore
	EndProjectSection
EndProject
Project("{FAE04EC0-301F-11D3-BF4B-00C04F79EFBC}") = "RestaurantReservation.API", "RestaurantReservation.API\RestaurantReservation.API.csproj", "{A2553961-168A-4843-A0B8-9EB4AFB24132}"
EndProject
Global
	GlobalSection(SolutionConfigurationPlatforms) = preSolution
		Debug|Any CPU = Debug|Any CPU
		Release|Any CPU = Release|Any CPU
	EndGlobalSection
	GlobalSection(ProjectConfigurationPlatforms) = postSolution
		{0D6CA8F9-2615-4F76-82B5-06CECDF81950}.Debug|Any CPU.ActiveCfg = Debug|Any CPU
		{0D6CA8F9-2615-4F76-82B5-06CECDF81950}.Debug|Any CPU.Build.0 = Debug|Any CPU
		{0D6CA8F9-2615-4F76-82B5-06CECDF81950}.Release|Any CPU.ActiveCfg = Release|Any CPU
		{0D6CA8F9-2615-4F76-82B5-06CECDF81950}.Release|Any CPU.Build.0 = Release|Any CPU
		{C175232C-578B-42FF-9766-9483D9766601}.Debug|Any CPU.ActiveCfg = Debug|Any CPU
		{C175232C-578B-42FF-9766-9483D9766601}.Debug|Any CPU.Build.0 = Debug|Any CPU
		{C175232C-578B-42FF-9766-9483D9766601}.Release|Any CPU.ActiveCfg = Release|Any CPU
		{C175232C-578B-42FF-9766-9483D9766601}.Release|Any CPU.Build.0 = Release|Any CPU
		{A2553961-168A-4843-A0B8-9EB4AFB24132}.Debug|Any CPU.ActiveCfg = Debug|Any CPU
		{A2553961-168A-4843-A0B8-9EB4AFB24132}.Debug|Any CPU.Build.0 = Debug|Any CPU
		{A2553961-168A-4843-A0B8-9EB4AFB24132}.Release|Any CPU.ActiveCfg = Release|Any CPU
		{A2553961-168A-4843-A0B8-9EB4AFB24132}.Release|Any CPU.Build.0 = Release|Any CPU
	EndGlobalSection
	GlobalSection(SolutionProperties) = preSolution
		HideSolutionNode = FALSE
	EndGlobalSection
	GlobalSection(ExtensibilityGlobals) = postSolution
		SolutionGuid = {A28F711B-3425-45C5-9E86-C54B80DB7A6B}
	EndGlobalSection
EndGlobal
